
Microsoft Visual Studio Solution File, Format Version 12.00
# Visual Studio Version 17
VisualStudioVersion = 17.7.34202.233
MinimumVisualStudioVersion = 10.0.40219.1
Project("{FAE04EC0-301F-11D3-BF4B-00C04F79EFBC}") = "ServiceYourCar", "ServiceYourCar\ServiceYourCar.csproj", "{D75EE886-3BAA-41AF-A905-7883B2363CFF}"
EndProject
Global
	GlobalSection(SolutionConfigurationPlatforms) = preSolution
		Debug|Any CPU = Debug|Any CPU
		Release|Any CPU = Release|Any CPU
	EndGlobalSection
	GlobalSection(ProjectConfigurationPlatforms) = postSolution
		{D75EE886-3BAA-41AF-A905-7883B2363CFF}.Debug|Any CPU.ActiveCfg = Debug|Any CPU
		{D75EE886-3BAA-41AF-A905-7883B2363CFF}.Debug|Any CPU.Build.0 = Debug|Any CPU
		{D75EE886-3BAA-41AF-A905-7883B2363CFF}.Release|Any CPU.ActiveCfg = Release|Any CPU
		{D75EE886-3BAA-41AF-A905-7883B2363CFF}.Release|Any CPU.Build.0 = Release|Any CPU
	EndGlobalSection
	GlobalSection(SolutionProperties) = preSolution
		HideSolutionNode = FALSE
	EndGlobalSection
	GlobalSection(ExtensibilityGlobals) = postSolution
		SolutionGuid = {59190E20-3845-4BC7-8DC6-33365C673BD0}
	EndGlobalSection
EndGlobal
